
Microsoft Visual Studio Solution File, Format Version 12.00
# Visual Studio Version 17
VisualStudioVersion = 17.0.31903.59
MinimumVisualStudioVersion = 10.0.40219.1
Project("{2150E333-8FDC-42A3-9474-1A3956D46DE8}") = "src", "src", "{220CEB14-998D-4638-A60D-2482D2BF3E89}"
EndProject
Project("{2150E333-8FDC-42A3-9474-1A3956D46DE8}") = "Identity", "Identity", "{4331C326-74C2-4373-AF09-0FA2F211FC96}"
EndProject
Project("{FAE04EC0-301F-11D3-BF4B-00C04F79EFBC}") = "Identity.Api", "src\Identity\Identity.Api\Identity.Api.csproj", "{09281302-7DE7-470F-BB33-C493210F0CB9}"
EndProject
Project("{FAE04EC0-301F-11D3-BF4B-00C04F79EFBC}") = "Identity.Domain", "src\Identity\Identity.Domain\Identity.Domain.csproj", "{F07B8EFA-A883-4466-9FCF-F756CC43A844}"
EndProject
Project("{FAE04EC0-301F-11D3-BF4B-00C04F79EFBC}") = "Identity.Application", "src\Identity\Identity.Application\Identity.Application.csproj", "{2172C8E4-7109-4D23-9BCA-59D76FD1D35E}"
EndProject
Project("{FAE04EC0-301F-11D3-BF4B-00C04F79EFBC}") = "Identity.Infrastructure", "src\Identity\Identity.Infrastructure\Identity.Infrastructure.csproj", "{8F797DB7-D34B-4645-9047-EBFC7044C298}"
EndProject
Project("{2150E333-8FDC-42A3-9474-1A3956D46DE8}") = "tests", "tests", "{192FAC9A-DD68-4743-A095-17A7D76969AB}"
EndProject
Project("{FAE04EC0-301F-11D3-BF4B-00C04F79EFBC}") = "Identity.ArchitectureTests", "tests\Identity.ArchitectureTests\Identity.ArchitectureTests.csproj", "{604D42B6-D963-412D-9F34-F25B086AD6C9}"
EndProject
Project("{FAE04EC0-301F-11D3-BF4B-00C04F79EFBC}") = "Identity.UnitTests", "tests\Identity.UnitTests\Identity.UnitTests.csproj", "{2F562230-9EF0-4A04-9CFF-A399204DCC3F}"
EndProject
Project("{2150E333-8FDC-42A3-9474-1A3956D46DE8}") = "Account", "Account", "{664C7756-6BAB-4BAA-96F5-D12E311C6AB2}"
EndProject
Project("{FAE04EC0-301F-11D3-BF4B-00C04F79EFBC}") = "Account.Api", "src\Account\Account.Api\Account.Api.csproj", "{7E3E17E4-478C-4427-8245-763FB59B5ED0}"
EndProject
Project("{FAE04EC0-301F-11D3-BF4B-00C04F79EFBC}") = "Account.Application", "src\Account\Account.Application\Account.Application.csproj", "{6FE183E1-F8F5-4735-976A-2B648383F85E}"
EndProject
Project("{FAE04EC0-301F-11D3-BF4B-00C04F79EFBC}") = "Account.Infrastructure", "src\Account\Account.Infrastructure\Account.Infrastructure.csproj", "{160B6DF9-DDC7-42DF-9661-6AFBD73DFE06}"
EndProject
Project("{FAE04EC0-301F-11D3-BF4B-00C04F79EFBC}") = "Account.Domain", "src\Account\Account.Domain\Account.Domain.csproj", "{84016033-6B51-478D-AC2F-301BE727CBC6}"
EndProject
Project("{FAE04EC0-301F-11D3-BF4B-00C04F79EFBC}") = "Account.ArchitectureTests", "tests\Account.ArchitectureTests\Account.ArchitectureTests.csproj", "{478DA0FB-4BC2-49FC-B8E4-860250BC8539}"
EndProject
Project("{FAE04EC0-301F-11D3-BF4B-00C04F79EFBC}") = "Account.UnitTests", "tests\Account.UnitTests\Account.UnitTests.csproj", "{ECB3A19C-4D80-468D-B934-80406B2C58C2}"
EndProject
Project("{2150E333-8FDC-42A3-9474-1A3956D46DE8}") = "Shared", "Shared", "{27A22226-2B67-45F5-93F3-DDA0523F2429}"
EndProject
Project("{FAE04EC0-301F-11D3-BF4B-00C04F79EFBC}") = "Contracts", "src\Shared\Contracts\Contracts.csproj", "{346D903D-F4CF-40D0-AE88-D31EB9BC10A6}"
EndProject
Project("{FAE04EC0-301F-11D3-BF4B-00C04F79EFBC}") = "Messaging", "src\Shared\Messaging\Messaging.csproj", "{7E940D24-D40D-47A4-90D6-63A5DDFF2F40}"
EndProject
Global
	GlobalSection(SolutionConfigurationPlatforms) = preSolution
		Debug|Any CPU = Debug|Any CPU
		Release|Any CPU = Release|Any CPU
	EndGlobalSection
	GlobalSection(SolutionProperties) = preSolution
		HideSolutionNode = FALSE
	EndGlobalSection
	GlobalSection(ProjectConfigurationPlatforms) = postSolution
		{09281302-7DE7-470F-BB33-C493210F0CB9}.Debug|Any CPU.ActiveCfg = Debug|Any CPU
		{09281302-7DE7-470F-BB33-C493210F0CB9}.Debug|Any CPU.Build.0 = Debug|Any CPU
		{09281302-7DE7-470F-BB33-C493210F0CB9}.Release|Any CPU.ActiveCfg = Release|Any CPU
		{09281302-7DE7-470F-BB33-C493210F0CB9}.Release|Any CPU.Build.0 = Release|Any CPU
		{F07B8EFA-A883-4466-9FCF-F756CC43A844}.Debug|Any CPU.ActiveCfg = Debug|Any CPU
		{F07B8EFA-A883-4466-9FCF-F756CC43A844}.Debug|Any CPU.Build.0 = Debug|Any CPU
		{F07B8EFA-A883-4466-9FCF-F756CC43A844}.Release|Any CPU.ActiveCfg = Release|Any CPU
		{F07B8EFA-A883-4466-9FCF-F756CC43A844}.Release|Any CPU.Build.0 = Release|Any CPU
		{2172C8E4-7109-4D23-9BCA-59D76FD1D35E}.Debug|Any CPU.ActiveCfg = Debug|Any CPU
		{2172C8E4-7109-4D23-9BCA-59D76FD1D35E}.Debug|Any CPU.Build.0 = Debug|Any CPU
		{2172C8E4-7109-4D23-9BCA-59D76FD1D35E}.Release|Any CPU.ActiveCfg = Release|Any CPU
		{2172C8E4-7109-4D23-9BCA-59D76FD1D35E}.Release|Any CPU.Build.0 = Release|Any CPU
		{8F797DB7-D34B-4645-9047-EBFC7044C298}.Debug|Any CPU.ActiveCfg = Debug|Any CPU
		{8F797DB7-D34B-4645-9047-EBFC7044C298}.Debug|Any CPU.Build.0 = Debug|Any CPU
		{8F797DB7-D34B-4645-9047-EBFC7044C298}.Release|Any CPU.ActiveCfg = Release|Any CPU
		{8F797DB7-D34B-4645-9047-EBFC7044C298}.Release|Any CPU.Build.0 = Release|Any CPU
		{604D42B6-D963-412D-9F34-F25B086AD6C9}.Debug|Any CPU.ActiveCfg = Debug|Any CPU
		{604D42B6-D963-412D-9F34-F25B086AD6C9}.Debug|Any CPU.Build.0 = Debug|Any CPU
		{604D42B6-D963-412D-9F34-F25B086AD6C9}.Release|Any CPU.ActiveCfg = Release|Any CPU
		{604D42B6-D963-412D-9F34-F25B086AD6C9}.Release|Any CPU.Build.0 = Release|Any CPU
		{2F562230-9EF0-4A04-9CFF-A399204DCC3F}.Debug|Any CPU.ActiveCfg = Debug|Any CPU
		{2F562230-9EF0-4A04-9CFF-A399204DCC3F}.Debug|Any CPU.Build.0 = Debug|Any CPU
		{2F562230-9EF0-4A04-9CFF-A399204DCC3F}.Release|Any CPU.ActiveCfg = Release|Any CPU
		{2F562230-9EF0-4A04-9CFF-A399204DCC3F}.Release|Any CPU.Build.0 = Release|Any CPU
		{7E3E17E4-478C-4427-8245-763FB59B5ED0}.Debug|Any CPU.ActiveCfg = Debug|Any CPU
		{7E3E17E4-478C-4427-8245-763FB59B5ED0}.Debug|Any CPU.Build.0 = Debug|Any CPU
		{7E3E17E4-478C-4427-8245-763FB59B5ED0}.Release|Any CPU.ActiveCfg = Release|Any CPU
		{7E3E17E4-478C-4427-8245-763FB59B5ED0}.Release|Any CPU.Build.0 = Release|Any CPU
		{6FE183E1-F8F5-4735-976A-2B648383F85E}.Debug|Any CPU.ActiveCfg = Debug|Any CPU
		{6FE183E1-F8F5-4735-976A-2B648383F85E}.Debug|Any CPU.Build.0 = Debug|Any CPU
		{6FE183E1-F8F5-4735-976A-2B648383F85E}.Release|Any CPU.ActiveCfg = Release|Any CPU
		{6FE183E1-F8F5-4735-976A-2B648383F85E}.Release|Any CPU.Build.0 = Release|Any CPU
		{160B6DF9-DDC7-42DF-9661-6AFBD73DFE06}.Debug|Any CPU.ActiveCfg = Debug|Any CPU
		{160B6DF9-DDC7-42DF-9661-6AFBD73DFE06}.Debug|Any CPU.Build.0 = Debug|Any CPU
		{160B6DF9-DDC7-42DF-9661-6AFBD73DFE06}.Release|Any CPU.ActiveCfg = Release|Any CPU
		{160B6DF9-DDC7-42DF-9661-6AFBD73DFE06}.Release|Any CPU.Build.0 = Release|Any CPU
		{84016033-6B51-478D-AC2F-301BE727CBC6}.Debug|Any CPU.ActiveCfg = Debug|Any CPU
		{84016033-6B51-478D-AC2F-301BE727CBC6}.Debug|Any CPU.Build.0 = Debug|Any CPU
		{84016033-6B51-478D-AC2F-301BE727CBC6}.Release|Any CPU.ActiveCfg = Release|Any CPU
		{84016033-6B51-478D-AC2F-301BE727CBC6}.Release|Any CPU.Build.0 = Release|Any CPU
		{478DA0FB-4BC2-49FC-B8E4-860250BC8539}.Debug|Any CPU.ActiveCfg = Debug|Any CPU
		{478DA0FB-4BC2-49FC-B8E4-860250BC8539}.Debug|Any CPU.Build.0 = Debug|Any CPU
		{478DA0FB-4BC2-49FC-B8E4-860250BC8539}.Release|Any CPU.ActiveCfg = Release|Any CPU
		{478DA0FB-4BC2-49FC-B8E4-860250BC8539}.Release|Any CPU.Build.0 = Release|Any CPU
		{ECB3A19C-4D80-468D-B934-80406B2C58C2}.Debug|Any CPU.ActiveCfg = Debug|Any CPU
		{ECB3A19C-4D80-468D-B934-80406B2C58C2}.Debug|Any CPU.Build.0 = Debug|Any CPU
		{ECB3A19C-4D80-468D-B934-80406B2C58C2}.Release|Any CPU.ActiveCfg = Release|Any CPU
		{ECB3A19C-4D80-468D-B934-80406B2C58C2}.Release|Any CPU.Build.0 = Release|Any CPU
		{346D903D-F4CF-40D0-AE88-D31EB9BC10A6}.Debug|Any CPU.ActiveCfg = Debug|Any CPU
		{346D903D-F4CF-40D0-AE88-D31EB9BC10A6}.Debug|Any CPU.Build.0 = Debug|Any CPU
		{346D903D-F4CF-40D0-AE88-D31EB9BC10A6}.Release|Any CPU.ActiveCfg = Release|Any CPU
		{346D903D-F4CF-40D0-AE88-D31EB9BC10A6}.Release|Any CPU.Build.0 = Release|Any CPU
		{7E940D24-D40D-47A4-90D6-63A5DDFF2F40}.Debug|Any CPU.ActiveCfg = Debug|Any CPU
		{7E940D24-D40D-47A4-90D6-63A5DDFF2F40}.Debug|Any CPU.Build.0 = Debug|Any CPU
		{7E940D24-D40D-47A4-90D6-63A5DDFF2F40}.Release|Any CPU.ActiveCfg = Release|Any CPU
		{7E940D24-D40D-47A4-90D6-63A5DDFF2F40}.Release|Any CPU.Build.0 = Release|Any CPU
	EndGlobalSection
	GlobalSection(NestedProjects) = preSolution
		{4331C326-74C2-4373-AF09-0FA2F211FC96} = {220CEB14-998D-4638-A60D-2482D2BF3E89}
		{09281302-7DE7-470F-BB33-C493210F0CB9} = {4331C326-74C2-4373-AF09-0FA2F211FC96}
		{F07B8EFA-A883-4466-9FCF-F756CC43A844} = {4331C326-74C2-4373-AF09-0FA2F211FC96}
		{2172C8E4-7109-4D23-9BCA-59D76FD1D35E} = {4331C326-74C2-4373-AF09-0FA2F211FC96}
		{8F797DB7-D34B-4645-9047-EBFC7044C298} = {4331C326-74C2-4373-AF09-0FA2F211FC96}
		{604D42B6-D963-412D-9F34-F25B086AD6C9} = {192FAC9A-DD68-4743-A095-17A7D76969AB}
		{2F562230-9EF0-4A04-9CFF-A399204DCC3F} = {192FAC9A-DD68-4743-A095-17A7D76969AB}
		{664C7756-6BAB-4BAA-96F5-D12E311C6AB2} = {220CEB14-998D-4638-A60D-2482D2BF3E89}
		{7E3E17E4-478C-4427-8245-763FB59B5ED0} = {664C7756-6BAB-4BAA-96F5-D12E311C6AB2}
		{6FE183E1-F8F5-4735-976A-2B648383F85E} = {664C7756-6BAB-4BAA-96F5-D12E311C6AB2}
		{160B6DF9-DDC7-42DF-9661-6AFBD73DFE06} = {664C7756-6BAB-4BAA-96F5-D12E311C6AB2}
		{84016033-6B51-478D-AC2F-301BE727CBC6} = {664C7756-6BAB-4BAA-96F5-D12E311C6AB2}
		{478DA0FB-4BC2-49FC-B8E4-860250BC8539} = {192FAC9A-DD68-4743-A095-17A7D76969AB}
		{ECB3A19C-4D80-468D-B934-80406B2C58C2} = {192FAC9A-DD68-4743-A095-17A7D76969AB}
		{346D903D-F4CF-40D0-AE88-D31EB9BC10A6} = {27A22226-2B67-45F5-93F3-DDA0523F2429}
		{7E940D24-D40D-47A4-90D6-63A5DDFF2F40} = {27A22226-2B67-45F5-93F3-DDA0523F2429}
	EndGlobalSection
EndGlobal
